
Microsoft Visual Studio Solution File, Format Version 12.00
# Visual Studio 15
VisualStudioVersion = 15.0.26430.6
MinimumVisualStudioVersion = 10.0.40219.1
Project("{FAE04EC0-301F-11D3-BF4B-00C04F79EFBC}") = "ListTest.Android", "ListTest\ListTest.Android\ListTest.Android.csproj", "{3E462AFA-F658-40B8-98FC-54236AE42BE1}"
EndProject
Project("{FAE04EC0-301F-11D3-BF4B-00C04F79EFBC}") = "ListTest", "ListTest\ListTest\ListTest.csproj", "{E0021058-693A-4268-995E-40AC56EEDDE8}"
EndProject
Project("{FAE04EC0-301F-11D3-BF4B-00C04F79EFBC}") = "ListTest.UWP", "ListTest\ListTest.UWP\ListTest.UWP.csproj", "{0A867082-1C62-4130-818A-61125A69BFEB}"
EndProject
Project("{FAE04EC0-301F-11D3-BF4B-00C04F79EFBC}") = "ListTest.iOS", "ListTest\ListTest.iOS\ListTest.iOS.csproj", "{705B8AE9-BCD0-4E2F-9166-F663FFD104EF}"
EndProject
Global
	GlobalSection(SolutionConfigurationPlatforms) = preSolution
		Ad-Hoc|Any CPU = Ad-Hoc|Any CPU
		Ad-Hoc|ARM = Ad-Hoc|ARM
		Ad-Hoc|iPhone = Ad-Hoc|iPhone
		Ad-Hoc|iPhoneSimulator = Ad-Hoc|iPhoneSimulator
		Ad-Hoc|x64 = Ad-Hoc|x64
		Ad-Hoc|x86 = Ad-Hoc|x86
		AppStore|Any CPU = AppStore|Any CPU
		AppStore|ARM = AppStore|ARM
		AppStore|iPhone = AppStore|iPhone
		AppStore|iPhoneSimulator = AppStore|iPhoneSimulator
		AppStore|x64 = AppStore|x64
		AppStore|x86 = AppStore|x86
		Debug|Any CPU = Debug|Any CPU
		Debug|ARM = Debug|ARM
		Debug|iPhone = Debug|iPhone
		Debug|iPhoneSimulator = Debug|iPhoneSimulator
		Debug|x64 = Debug|x64
		Debug|x86 = Debug|x86
		Release|Any CPU = Release|Any CPU
		Release|ARM = Release|ARM
		Release|iPhone = Release|iPhone
		Release|iPhoneSimulator = Release|iPhoneSimulator
		Release|x64 = Release|x64
		Release|x86 = Release|x86
	EndGlobalSection
	GlobalSection(ProjectConfigurationPlatforms) = postSolution
		{3E462AFA-F658-40B8-98FC-54236AE42BE1}.Ad-Hoc|Any CPU.ActiveCfg = Release|Any CPU
		{3E462AFA-F658-40B8-98FC-54236AE42BE1}.Ad-Hoc|Any CPU.Build.0 = Release|Any CPU
		{3E462AFA-F658-40B8-98FC-54236AE42BE1}.Ad-Hoc|Any CPU.Deploy.0 = Release|Any CPU
		{3E462AFA-F658-40B8-98FC-54236AE42BE1}.Ad-Hoc|ARM.ActiveCfg = Release|Any CPU
		{3E462AFA-F658-40B8-98FC-54236AE42BE1}.Ad-Hoc|ARM.Build.0 = Release|Any CPU
		{3E462AFA-F658-40B8-98FC-54236AE42BE1}.Ad-Hoc|ARM.Deploy.0 = Release|Any CPU
		{3E462AFA-F658-40B8-98FC-54236AE42BE1}.Ad-Hoc|iPhone.ActiveCfg = Release|Any CPU
		{3E462AFA-F658-40B8-98FC-54236AE42BE1}.Ad-Hoc|iPhone.Build.0 = Release|Any CPU
		{3E462AFA-F658-40B8-98FC-54236AE42BE1}.Ad-Hoc|iPhone.Deploy.0 = Release|Any CPU
		{3E462AFA-F658-40B8-98FC-54236AE42BE1}.Ad-Hoc|iPhoneSimulator.ActiveCfg = Release|Any CPU
		{3E462AFA-F658-40B8-98FC-54236AE42BE1}.Ad-Hoc|iPhoneSimulator.Build.0 = Release|Any CPU
		{3E462AFA-F658-40B8-98FC-54236AE42BE1}.Ad-Hoc|iPhoneSimulator.Deploy.0 = Release|Any CPU
		{3E462AFA-F658-40B8-98FC-54236AE42BE1}.Ad-Hoc|x64.ActiveCfg = Release|Any CPU
		{3E462AFA-F658-40B8-98FC-54236AE42BE1}.Ad-Hoc|x64.Build.0 = Release|Any CPU
		{3E462AFA-F658-40B8-98FC-54236AE42BE1}.Ad-Hoc|x64.Deploy.0 = Release|Any CPU
		{3E462AFA-F658-40B8-98FC-54236AE42BE1}.Ad-Hoc|x86.ActiveCfg = Release|Any CPU
		{3E462AFA-F658-40B8-98FC-54236AE42BE1}.Ad-Hoc|x86.Build.0 = Release|Any CPU
		{3E462AFA-F658-40B8-98FC-54236AE42BE1}.Ad-Hoc|x86.Deploy.0 = Release|Any CPU
		{3E462AFA-F658-40B8-98FC-54236AE42BE1}.AppStore|Any CPU.ActiveCfg = Release|Any CPU
		{3E462AFA-F658-40B8-98FC-54236AE42BE1}.AppStore|Any CPU.Build.0 = Release|Any CPU
		{3E462AFA-F658-40B8-98FC-54236AE42BE1}.AppStore|Any CPU.Deploy.0 = Release|Any CPU
		{3E462AFA-F658-40B8-98FC-54236AE42BE1}.AppStore|ARM.ActiveCfg = Release|Any CPU
		{3E462AFA-F658-40B8-98FC-54236AE42BE1}.AppStore|ARM.Build.0 = Release|Any CPU
		{3E462AFA-F658-40B8-98FC-54236AE42BE1}.AppStore|ARM.Deploy.0 = Release|Any CPU
		{3E462AFA-F658-40B8-98FC-54236AE42BE1}.AppStore|iPhone.ActiveCfg = Release|Any CPU
		{3E462AFA-F658-40B8-98FC-54236AE42BE1}.AppStore|iPhone.Build.0 = Release|Any CPU
		{3E462AFA-F658-40B8-98FC-54236AE42BE1}.AppStore|iPhone.Deploy.0 = Release|Any CPU
		{3E462AFA-F658-40B8-98FC-54236AE42BE1}.AppStore|iPhoneSimulator.ActiveCfg = Release|Any CPU
		{3E462AFA-F658-40B8-98FC-54236AE42BE1}.AppStore|iPhoneSimulator.Build.0 = Release|Any CPU
		{3E462AFA-F658-40B8-98FC-54236AE42BE1}.AppStore|iPhoneSimulator.Deploy.0 = Release|Any CPU
		{3E462AFA-F658-40B8-98FC-54236AE42BE1}.AppStore|x64.ActiveCfg = Release|Any CPU
		{3E462AFA-F658-40B8-98FC-54236AE42BE1}.AppStore|x64.Build.0 = Release|Any CPU
		{3E462AFA-F658-40B8-98FC-54236AE42BE1}.AppStore|x64.Deploy.0 = Release|Any CPU
		{3E462AFA-F658-40B8-98FC-54236AE42BE1}.AppStore|x86.ActiveCfg = Release|Any CPU
		{3E462AFA-F658-40B8-98FC-54236AE42BE1}.AppStore|x86.Build.0 = Release|Any CPU
		{3E462AFA-F658-40B8-98FC-54236AE42BE1}.AppStore|x86.Deploy.0 = Release|Any CPU
		{3E462AFA-F658-40B8-98FC-54236AE42BE1}.Debug|Any CPU.ActiveCfg = Debug|Any CPU
		{3E462AFA-F658-40B8-98FC-54236AE42BE1}.Debug|Any CPU.Build.0 = Debug|Any CPU
		{3E462AFA-F658-40B8-98FC-54236AE42BE1}.Debug|Any CPU.Deploy.0 = Debug|Any CPU
		{3E462AFA-F658-40B8-98FC-54236AE42BE1}.Debug|ARM.ActiveCfg = Debug|Any CPU
		{3E462AFA-F658-40B8-98FC-54236AE42BE1}.Debug|ARM.Build.0 = Debug|Any CPU
		{3E462AFA-F658-40B8-98FC-54236AE42BE1}.Debug|ARM.Deploy.0 = Debug|Any CPU
		{3E462AFA-F658-40B8-98FC-54236AE42BE1}.Debug|iPhone.ActiveCfg = Debug|Any CPU
		{3E462AFA-F658-40B8-98FC-54236AE42BE1}.Debug|iPhone.Build.0 = Debug|Any CPU
		{3E462AFA-F658-40B8-98FC-54236AE42BE1}.Debug|iPhone.Deploy.0 = Debug|Any CPU
		{3E462AFA-F658-40B8-98FC-54236AE42BE1}.Debug|iPhoneSimulator.ActiveCfg = Debug|Any CPU
		{3E462AFA-F658-40B8-98FC-54236AE42BE1}.Debug|iPhoneSimulator.Build.0 = Debug|Any CPU
		{3E462AFA-F658-40B8-98FC-54236AE42BE1}.Debug|iPhoneSimulator.Deploy.0 = Debug|Any CPU
		{3E462AFA-F658-40B8-98FC-54236AE42BE1}.Debug|x64.ActiveCfg = Debug|Any CPU
		{3E462AFA-F658-40B8-98FC-54236AE42BE1}.Debug|x64.Build.0 = Debug|Any CPU
		{3E462AFA-F658-40B8-98FC-54236AE42BE1}.Debug|x64.Deploy.0 = Debug|Any CPU
		{3E462AFA-F658-40B8-98FC-54236AE42BE1}.Debug|x86.ActiveCfg = Debug|Any CPU
		{3E462AFA-F658-40B8-98FC-54236AE42BE1}.Debug|x86.Build.0 = Debug|Any CPU
		{3E462AFA-F658-40B8-98FC-54236AE42BE1}.Debug|x86.Deploy.0 = Debug|Any CPU
		{3E462AFA-F658-40B8-98FC-54236AE42BE1}.Release|Any CPU.ActiveCfg = Release|Any CPU
		{3E462AFA-F658-40B8-98FC-54236AE42BE1}.Release|Any CPU.Build.0 = Release|Any CPU
		{3E462AFA-F658-40B8-98FC-54236AE42BE1}.Release|Any CPU.Deploy.0 = Release|Any CPU
		{3E462AFA-F658-40B8-98FC-54236AE42BE1}.Release|ARM.ActiveCfg = Release|Any CPU
		{3E462AFA-F658-40B8-98FC-54236AE42BE1}.Release|ARM.Build.0 = Release|Any CPU
		{3E462AFA-F658-40B8-98FC-54236AE42BE1}.Release|ARM.Deploy.0 = Release|Any CPU
		{3E462AFA-F658-40B8-98FC-54236AE42BE1}.Release|iPhone.ActiveCfg = Release|Any CPU
		{3E462AFA-F658-40B8-98FC-54236AE42BE1}.Release|iPhone.Build.0 = Release|Any CPU
		{3E462AFA-F658-40B8-98FC-54236AE42BE1}.Release|iPhone.Deploy.0 = Release|Any CPU
		{3E462AFA-F658-40B8-98FC-54236AE42BE1}.Release|iPhoneSimulator.ActiveCfg = Release|Any CPU
		{3E462AFA-F658-40B8-98FC-54236AE42BE1}.Release|iPhoneSimulator.Build.0 = Release|Any CPU
		{3E462AFA-F658-40B8-98FC-54236AE42BE1}.Release|iPhoneSimulator.Deploy.0 = Release|Any CPU
		{3E462AFA-F658-40B8-98FC-54236AE42BE1}.Release|x64.ActiveCfg = Release|Any CPU
		{3E462AFA-F658-40B8-98FC-54236AE42BE1}.Release|x64.Build.0 = Release|Any CPU
		{3E462AFA-F658-40B8-98FC-54236AE42BE1}.Release|x64.Deploy.0 = Release|Any CPU
		{3E462AFA-F658-40B8-98FC-54236AE42BE1}.Release|x86.ActiveCfg = Release|Any CPU
		{3E462AFA-F658-40B8-98FC-54236AE42BE1}.Release|x86.Build.0 = Release|Any CPU
		{3E462AFA-F658-40B8-98FC-54236AE42BE1}.Release|x86.Deploy.0 = Release|Any CPU
		{E0021058-693A-4268-995E-40AC56EEDDE8}.Ad-Hoc|Any CPU.ActiveCfg = Release|Any CPU
		{E0021058-693A-4268-995E-40AC56EEDDE8}.Ad-Hoc|Any CPU.Build.0 = Release|Any CPU
		{E0021058-693A-4268-995E-40AC56EEDDE8}.Ad-Hoc|ARM.ActiveCfg = Release|Any CPU
		{E0021058-693A-4268-995E-40AC56EEDDE8}.Ad-Hoc|ARM.Build.0 = Release|Any CPU
		{E0021058-693A-4268-995E-40AC56EEDDE8}.Ad-Hoc|iPhone.ActiveCfg = Release|Any CPU
		{E0021058-693A-4268-995E-40AC56EEDDE8}.Ad-Hoc|iPhone.Build.0 = Release|Any CPU
		{E0021058-693A-4268-995E-40AC56EEDDE8}.Ad-Hoc|iPhoneSimulator.ActiveCfg = Release|Any CPU
		{E0021058-693A-4268-995E-40AC56EEDDE8}.Ad-Hoc|iPhoneSimulator.Build.0 = Release|Any CPU
		{E0021058-693A-4268-995E-40AC56EEDDE8}.Ad-Hoc|x64.ActiveCfg = Release|Any CPU
		{E0021058-693A-4268-995E-40AC56EEDDE8}.Ad-Hoc|x64.Build.0 = Release|Any CPU
		{E0021058-693A-4268-995E-40AC56EEDDE8}.Ad-Hoc|x86.ActiveCfg = Release|Any CPU
		{E0021058-693A-4268-995E-40AC56EEDDE8}.Ad-Hoc|x86.Build.0 = Release|Any CPU
		{E0021058-693A-4268-995E-40AC56EEDDE8}.AppStore|Any CPU.ActiveCfg = Release|Any CPU
		{E0021058-693A-4268-995E-40AC56EEDDE8}.AppStore|Any CPU.Build.0 = Release|Any CPU
		{E0021058-693A-4268-995E-40AC56EEDDE8}.AppStore|ARM.ActiveCfg = Release|Any CPU
		{E0021058-693A-4268-995E-40AC56EEDDE8}.AppStore|ARM.Build.0 = Release|Any CPU
		{E0021058-693A-4268-995E-40AC56EEDDE8}.AppStore|iPhone.ActiveCfg = Release|Any CPU
		{E0021058-693A-4268-995E-40AC56EEDDE8}.AppStore|iPhone.Build.0 = Release|Any CPU
		{E0021058-693A-4268-995E-40AC56EEDDE8}.AppStore|iPhoneSimulator.ActiveCfg = Release|Any CPU
		{E0021058-693A-4268-995E-40AC56EEDDE8}.AppStore|iPhoneSimulator.Build.0 = Release|Any CPU
		{E0021058-693A-4268-995E-40AC56EEDDE8}.AppStore|x64.ActiveCfg = Release|Any CPU
		{E0021058-693A-4268-995E-40AC56EEDDE8}.AppStore|x64.Build.0 = Release|Any CPU
		{E0021058-693A-4268-995E-40AC56EEDDE8}.AppStore|x86.ActiveCfg = Release|Any CPU
		{E0021058-693A-4268-995E-40AC56EEDDE8}.AppStore|x86.Build.0 = Release|Any CPU
		{E0021058-693A-4268-995E-40AC56EEDDE8}.Debug|Any CPU.ActiveCfg = Debug|Any CPU
		{E0021058-693A-4268-995E-40AC56EEDDE8}.Debug|Any CPU.Build.0 = Debug|Any CPU
		{E0021058-693A-4268-995E-40AC56EEDDE8}.Debug|ARM.ActiveCfg = Debug|Any CPU
		{E0021058-693A-4268-995E-40AC56EEDDE8}.Debug|ARM.Build.0 = Debug|Any CPU
		{E0021058-693A-4268-995E-40AC56EEDDE8}.Debug|iPhone.ActiveCfg = Debug|Any CPU
		{E0021058-693A-4268-995E-40AC56EEDDE8}.Debug|iPhone.Build.0 = Debug|Any CPU
		{E0021058-693A-4268-995E-40AC56EEDDE8}.Debug|iPhoneSimulator.ActiveCfg = Debug|Any CPU
		{E0021058-693A-4268-995E-40AC56EEDDE8}.Debug|iPhoneSimulator.Build.0 = Debug|Any CPU
		{E0021058-693A-4268-995E-40AC56EEDDE8}.Debug|x64.ActiveCfg = Debug|Any CPU
		{E0021058-693A-4268-995E-40AC56EEDDE8}.Debug|x64.Build.0 = Debug|Any CPU
		{E0021058-693A-4268-995E-40AC56EEDDE8}.Debug|x86.ActiveCfg = Debug|Any CPU
		{E0021058-693A-4268-995E-40AC56EEDDE8}.Debug|x86.Build.0 = Debug|Any CPU
		{E0021058-693A-4268-995E-40AC56EEDDE8}.Release|Any CPU.ActiveCfg = Release|Any CPU
		{E0021058-693A-4268-995E-40AC56EEDDE8}.Release|Any CPU.Build.0 = Release|Any CPU
		{E0021058-693A-4268-995E-40AC56EEDDE8}.Release|ARM.ActiveCfg = Release|Any CPU
		{E0021058-693A-4268-995E-40AC56EEDDE8}.Release|ARM.Build.0 = Release|Any CPU
		{E0021058-693A-4268-995E-40AC56EEDDE8}.Release|iPhone.ActiveCfg = Release|Any CPU
		{E0021058-693A-4268-995E-40AC56EEDDE8}.Release|iPhone.Build.0 = Release|Any CPU
		{E0021058-693A-4268-995E-40AC56EEDDE8}.Release|iPhoneSimulator.ActiveCfg = Release|Any CPU
		{E0021058-693A-4268-995E-40AC56EEDDE8}.Release|iPhoneSimulator.Build.0 = Release|Any CPU
		{E0021058-693A-4268-995E-40AC56EEDDE8}.Release|x64.ActiveCfg = Release|Any CPU
		{E0021058-693A-4268-995E-40AC56EEDDE8}.Release|x64.Build.0 = Release|Any CPU
		{E0021058-693A-4268-995E-40AC56EEDDE8}.Release|x86.ActiveCfg = Release|Any CPU
		{E0021058-693A-4268-995E-40AC56EEDDE8}.Release|x86.Build.0 = Release|Any CPU
		{0A867082-1C62-4130-818A-61125A69BFEB}.Ad-Hoc|Any CPU.ActiveCfg = Release|x86
		{0A867082-1C62-4130-818A-61125A69BFEB}.Ad-Hoc|Any CPU.Build.0 = Release|x86
		{0A867082-1C62-4130-818A-61125A69BFEB}.Ad-Hoc|Any CPU.Deploy.0 = Release|x86
		{0A867082-1C62-4130-818A-61125A69BFEB}.Ad-Hoc|ARM.ActiveCfg = Release|ARM
		{0A867082-1C62-4130-818A-61125A69BFEB}.Ad-Hoc|ARM.Build.0 = Release|ARM
		{0A867082-1C62-4130-818A-61125A69BFEB}.Ad-Hoc|ARM.Deploy.0 = Release|ARM
		{0A867082-1C62-4130-818A-61125A69BFEB}.Ad-Hoc|iPhone.ActiveCfg = Release|x86
		{0A867082-1C62-4130-818A-61125A69BFEB}.Ad-Hoc|iPhone.Build.0 = Release|x86
		{0A867082-1C62-4130-818A-61125A69BFEB}.Ad-Hoc|iPhone.Deploy.0 = Release|x86
		{0A867082-1C62-4130-818A-61125A69BFEB}.Ad-Hoc|iPhoneSimulator.ActiveCfg = Release|x86
		{0A867082-1C62-4130-818A-61125A69BFEB}.Ad-Hoc|iPhoneSimulator.Build.0 = Release|x86
		{0A867082-1C62-4130-818A-61125A69BFEB}.Ad-Hoc|iPhoneSimulator.Deploy.0 = Release|x86
		{0A867082-1C62-4130-818A-61125A69BFEB}.Ad-Hoc|x64.ActiveCfg = Release|x64
		{0A867082-1C62-4130-818A-61125A69BFEB}.Ad-Hoc|x64.Build.0 = Release|x64
		{0A867082-1C62-4130-818A-61125A69BFEB}.Ad-Hoc|x64.Deploy.0 = Release|x64
		{0A867082-1C62-4130-818A-61125A69BFEB}.Ad-Hoc|x86.ActiveCfg = Release|x86
		{0A867082-1C62-4130-818A-61125A69BFEB}.Ad-Hoc|x86.Build.0 = Release|x86
		{0A867082-1C62-4130-818A-61125A69BFEB}.Ad-Hoc|x86.Deploy.0 = Release|x86
		{0A867082-1C62-4130-818A-61125A69BFEB}.AppStore|Any CPU.ActiveCfg = Release|x86
		{0A867082-1C62-4130-818A-61125A69BFEB}.AppStore|Any CPU.Build.0 = Release|x86
		{0A867082-1C62-4130-818A-61125A69BFEB}.AppStore|Any CPU.Deploy.0 = Release|x86
		{0A867082-1C62-4130-818A-61125A69BFEB}.AppStore|ARM.ActiveCfg = Release|ARM
		{0A867082-1C62-4130-818A-61125A69BFEB}.AppStore|ARM.Build.0 = Release|ARM
		{0A867082-1C62-4130-818A-61125A69BFEB}.AppStore|ARM.Deploy.0 = Release|ARM
		{0A867082-1C62-4130-818A-61125A69BFEB}.AppStore|iPhone.ActiveCfg = Release|x86
		{0A867082-1C62-4130-818A-61125A69BFEB}.AppStore|iPhone.Build.0 = Release|x86
		{0A867082-1C62-4130-818A-61125A69BFEB}.AppStore|iPhone.Deploy.0 = Release|x86
		{0A867082-1C62-4130-818A-61125A69BFEB}.AppStore|iPhoneSimulator.ActiveCfg = Release|x86
		{0A867082-1C62-4130-818A-61125A69BFEB}.AppStore|iPhoneSimulator.Build.0 = Release|x86
		{0A867082-1C62-4130-818A-61125A69BFEB}.AppStore|iPhoneSimulator.Deploy.0 = Release|x86
		{0A867082-1C62-4130-818A-61125A69BFEB}.AppStore|x64.ActiveCfg = Release|x64
		{0A867082-1C62-4130-818A-61125A69BFEB}.AppStore|x64.Build.0 = Release|x64
		{0A867082-1C62-4130-818A-61125A69BFEB}.AppStore|x64.Deploy.0 = Release|x64
		{0A867082-1C62-4130-818A-61125A69BFEB}.AppStore|x86.ActiveCfg = Release|x86
		{0A867082-1C62-4130-818A-61125A69BFEB}.AppStore|x86.Build.0 = Release|x86
		{0A867082-1C62-4130-818A-61125A69BFEB}.AppStore|x86.Deploy.0 = Release|x86
		{0A867082-1C62-4130-818A-61125A69BFEB}.Debug|Any CPU.ActiveCfg = Debug|x86
		{0A867082-1C62-4130-818A-61125A69BFEB}.Debug|Any CPU.Build.0 = Debug|x86
		{0A867082-1C62-4130-818A-61125A69BFEB}.Debug|Any CPU.Deploy.0 = Debug|x86
		{0A867082-1C62-4130-818A-61125A69BFEB}.Debug|ARM.ActiveCfg = Debug|ARM
		{0A867082-1C62-4130-818A-61125A69BFEB}.Debug|ARM.Build.0 = Debug|ARM
		{0A867082-1C62-4130-818A-61125A69BFEB}.Debug|ARM.Deploy.0 = Debug|ARM
		{0A867082-1C62-4130-818A-61125A69BFEB}.Debug|iPhone.ActiveCfg = Debug|x86
		{0A867082-1C62-4130-818A-61125A69BFEB}.Debug|iPhoneSimulator.ActiveCfg = Debug|x86
		{0A867082-1C62-4130-818A-61125A69BFEB}.Debug|x64.ActiveCfg = Debug|x64
		{0A867082-1C62-4130-818A-61125A69BFEB}.Debug|x64.Build.0 = Debug|x64
		{0A867082-1C62-4130-818A-61125A69BFEB}.Debug|x64.Deploy.0 = Debug|x64
		{0A867082-1C62-4130-818A-61125A69BFEB}.Debug|x86.ActiveCfg = Debug|x86
		{0A867082-1C62-4130-818A-61125A69BFEB}.Debug|x86.Build.0 = Debug|x86
		{0A867082-1C62-4130-818A-61125A69BFEB}.Debug|x86.Deploy.0 = Debug|x86
		{0A867082-1C62-4130-818A-61125A69BFEB}.Release|Any CPU.ActiveCfg = Release|x86
		{0A867082-1C62-4130-818A-61125A69BFEB}.Release|ARM.ActiveCfg = Release|ARM
		{0A867082-1C62-4130-818A-61125A69BFEB}.Release|ARM.Build.0 = Release|ARM
		{0A867082-1C62-4130-818A-61125A69BFEB}.Release|ARM.Deploy.0 = Release|ARM
		{0A867082-1C62-4130-818A-61125A69BFEB}.Release|iPhone.ActiveCfg = Release|x86
		{0A867082-1C62-4130-818A-61125A69BFEB}.Release|iPhoneSimulator.ActiveCfg = Release|x86
		{0A867082-1C62-4130-818A-61125A69BFEB}.Release|x64.ActiveCfg = Release|x64
		{0A867082-1C62-4130-818A-61125A69BFEB}.Release|x64.Build.0 = Release|x64
		{0A867082-1C62-4130-818A-61125A69BFEB}.Release|x64.Deploy.0 = Release|x64
		{0A867082-1C62-4130-818A-61125A69BFEB}.Release|x86.ActiveCfg = Release|x86
		{0A867082-1C62-4130-818A-61125A69BFEB}.Release|x86.Build.0 = Release|x86
		{0A867082-1C62-4130-818A-61125A69BFEB}.Release|x86.Deploy.0 = Release|x86
		{705B8AE9-BCD0-4E2F-9166-F663FFD104EF}.Ad-Hoc|Any CPU.ActiveCfg = Ad-Hoc|iPhone
		{705B8AE9-BCD0-4E2F-9166-F663FFD104EF}.Ad-Hoc|ARM.ActiveCfg = Ad-Hoc|iPhone
		{705B8AE9-BCD0-4E2F-9166-F663FFD104EF}.Ad-Hoc|iPhone.ActiveCfg = Ad-Hoc|iPhone
		{705B8AE9-BCD0-4E2F-9166-F663FFD104EF}.Ad-Hoc|iPhone.Build.0 = Ad-Hoc|iPhone
		{705B8AE9-BCD0-4E2F-9166-F663FFD104EF}.Ad-Hoc|iPhoneSimulator.ActiveCfg = Ad-Hoc|iPhoneSimulator
		{705B8AE9-BCD0-4E2F-9166-F663FFD104EF}.Ad-Hoc|iPhoneSimulator.Build.0 = Ad-Hoc|iPhoneSimulator
		{705B8AE9-BCD0-4E2F-9166-F663FFD104EF}.Ad-Hoc|x64.ActiveCfg = Ad-Hoc|iPhone
		{705B8AE9-BCD0-4E2F-9166-F663FFD104EF}.Ad-Hoc|x86.ActiveCfg = Ad-Hoc|iPhone
		{705B8AE9-BCD0-4E2F-9166-F663FFD104EF}.AppStore|Any CPU.ActiveCfg = AppStore|iPhone
		{705B8AE9-BCD0-4E2F-9166-F663FFD104EF}.AppStore|ARM.ActiveCfg = AppStore|iPhone
		{705B8AE9-BCD0-4E2F-9166-F663FFD104EF}.AppStore|iPhone.ActiveCfg = AppStore|iPhone
		{705B8AE9-BCD0-4E2F-9166-F663FFD104EF}.AppStore|iPhone.Build.0 = AppStore|iPhone
		{705B8AE9-BCD0-4E2F-9166-F663FFD104EF}.AppStore|iPhoneSimulator.ActiveCfg = AppStore|iPhoneSimulator
		{705B8AE9-BCD0-4E2F-9166-F663FFD104EF}.AppStore|iPhoneSimulator.Build.0 = AppStore|iPhoneSimulator
		{705B8AE9-BCD0-4E2F-9166-F663FFD104EF}.AppStore|x64.ActiveCfg = AppStore|iPhone
		{705B8AE9-BCD0-4E2F-9166-F663FFD104EF}.AppStore|x86.ActiveCfg = AppStore|iPhone
		{705B8AE9-BCD0-4E2F-9166-F663FFD104EF}.Debug|Any CPU.ActiveCfg = Debug|iPhone
		{705B8AE9-BCD0-4E2F-9166-F663FFD104EF}.Debug|ARM.ActiveCfg = Debug|iPhone
		{705B8AE9-BCD0-4E2F-9166-F663FFD104EF}.Debug|iPhone.ActiveCfg = Debug|iPhone
		{705B8AE9-BCD0-4E2F-9166-F663FFD104EF}.Debug|iPhone.Build.0 = Debug|iPhone
		{705B8AE9-BCD0-4E2F-9166-F663FFD104EF}.Debug|iPhoneSimulator.ActiveCfg = Debug|iPhoneSimulator
		{705B8AE9-BCD0-4E2F-9166-F663FFD104EF}.Debug|iPhoneSimulator.Build.0 = Debug|iPhoneSimulator
		{705B8AE9-BCD0-4E2F-9166-F663FFD104EF}.Debug|x64.ActiveCfg = Debug|iPhone
		{705B8AE9-BCD0-4E2F-9166-F663FFD104EF}.Debug|x86.ActiveCfg = Debug|iPhone
		{705B8AE9-BCD0-4E2F-9166-F663FFD104EF}.Release|Any CPU.ActiveCfg = Release|iPhone
		{705B8AE9-BCD0-4E2F-9166-F663FFD104EF}.Release|ARM.ActiveCfg = Release|iPhone
		{705B8AE9-BCD0-4E2F-9166-F663FFD104EF}.Release|iPhone.ActiveCfg = Release|iPhone
		{705B8AE9-BCD0-4E2F-9166-F663FFD104EF}.Release|iPhone.Build.0 = Release|iPhone
		{705B8AE9-BCD0-4E2F-9166-F663FFD104EF}.Release|iPhoneSimulator.ActiveCfg = Release|iPhoneSimulator
		{705B8AE9-BCD0-4E2F-9166-F663FFD104EF}.Release|iPhoneSimulator.Build.0 = Release|iPhoneSimulator
		{705B8AE9-BCD0-4E2F-9166-F663FFD104EF}.Release|x64.ActiveCfg = Release|iPhone
		{705B8AE9-BCD0-4E2F-9166-F663FFD104EF}.Release|x86.ActiveCfg = Release|iPhone
	EndGlobalSection
	GlobalSection(SolutionProperties) = preSolution
		HideSolutionNode = FALSE
	EndGlobalSection
EndGlobal
