
Microsoft Visual Studio Solution File, Format Version 12.00
# Visual Studio 15
VisualStudioVersion = 15.0.26430.6
MinimumVisualStudioVersion = 10.0.40219.1
Project("{FAE04EC0-301F-11D3-BF4B-00C04F79EFBC}") = "Trails.Android", "Trails\Trails.Android\Trails.Android.csproj", "{4AA64FF7-B8F1-427E-B800-CC214A466F0C}"
EndProject
Project("{FAE04EC0-301F-11D3-BF4B-00C04F79EFBC}") = "Trails", "Trails\Trails\Trails.csproj", "{91207A41-0E01-428A-9AA9-09045CEFCE5B}"
EndProject
Project("{FAE04EC0-301F-11D3-BF4B-00C04F79EFBC}") = "Trails.UWP", "Trails\Trails.UWP\Trails.UWP.csproj", "{BCD33783-812A-4A03-A47D-9D9FC8C7AEF7}"
EndProject
Project("{FAE04EC0-301F-11D3-BF4B-00C04F79EFBC}") = "Trails.iOS", "Trails\Trails.iOS\Trails.iOS.csproj", "{010C9017-EAA8-412B-8F7D-953FAF4334D6}"
EndProject
Global
	GlobalSection(SolutionConfigurationPlatforms) = preSolution
		Ad-Hoc|Any CPU = Ad-Hoc|Any CPU
		Ad-Hoc|ARM = Ad-Hoc|ARM
		Ad-Hoc|iPhone = Ad-Hoc|iPhone
		Ad-Hoc|iPhoneSimulator = Ad-Hoc|iPhoneSimulator
		Ad-Hoc|x64 = Ad-Hoc|x64
		Ad-Hoc|x86 = Ad-Hoc|x86
		AppStore|Any CPU = AppStore|Any CPU
		AppStore|ARM = AppStore|ARM
		AppStore|iPhone = AppStore|iPhone
		AppStore|iPhoneSimulator = AppStore|iPhoneSimulator
		AppStore|x64 = AppStore|x64
		AppStore|x86 = AppStore|x86
		Debug|Any CPU = Debug|Any CPU
		Debug|ARM = Debug|ARM
		Debug|iPhone = Debug|iPhone
		Debug|iPhoneSimulator = Debug|iPhoneSimulator
		Debug|x64 = Debug|x64
		Debug|x86 = Debug|x86
		Release|Any CPU = Release|Any CPU
		Release|ARM = Release|ARM
		Release|iPhone = Release|iPhone
		Release|iPhoneSimulator = Release|iPhoneSimulator
		Release|x64 = Release|x64
		Release|x86 = Release|x86
	EndGlobalSection
	GlobalSection(ProjectConfigurationPlatforms) = postSolution
		{4AA64FF7-B8F1-427E-B800-CC214A466F0C}.Ad-Hoc|Any CPU.ActiveCfg = Release|Any CPU
		{4AA64FF7-B8F1-427E-B800-CC214A466F0C}.Ad-Hoc|Any CPU.Build.0 = Release|Any CPU
		{4AA64FF7-B8F1-427E-B800-CC214A466F0C}.Ad-Hoc|Any CPU.Deploy.0 = Release|Any CPU
		{4AA64FF7-B8F1-427E-B800-CC214A466F0C}.Ad-Hoc|ARM.ActiveCfg = Release|Any CPU
		{4AA64FF7-B8F1-427E-B800-CC214A466F0C}.Ad-Hoc|ARM.Build.0 = Release|Any CPU
		{4AA64FF7-B8F1-427E-B800-CC214A466F0C}.Ad-Hoc|ARM.Deploy.0 = Release|Any CPU
		{4AA64FF7-B8F1-427E-B800-CC214A466F0C}.Ad-Hoc|iPhone.ActiveCfg = Release|Any CPU
		{4AA64FF7-B8F1-427E-B800-CC214A466F0C}.Ad-Hoc|iPhone.Build.0 = Release|Any CPU
		{4AA64FF7-B8F1-427E-B800-CC214A466F0C}.Ad-Hoc|iPhone.Deploy.0 = Release|Any CPU
		{4AA64FF7-B8F1-427E-B800-CC214A466F0C}.Ad-Hoc|iPhoneSimulator.ActiveCfg = Release|Any CPU
		{4AA64FF7-B8F1-427E-B800-CC214A466F0C}.Ad-Hoc|iPhoneSimulator.Build.0 = Release|Any CPU
		{4AA64FF7-B8F1-427E-B800-CC214A466F0C}.Ad-Hoc|iPhoneSimulator.Deploy.0 = Release|Any CPU
		{4AA64FF7-B8F1-427E-B800-CC214A466F0C}.Ad-Hoc|x64.ActiveCfg = Release|Any CPU
		{4AA64FF7-B8F1-427E-B800-CC214A466F0C}.Ad-Hoc|x64.Build.0 = Release|Any CPU
		{4AA64FF7-B8F1-427E-B800-CC214A466F0C}.Ad-Hoc|x64.Deploy.0 = Release|Any CPU
		{4AA64FF7-B8F1-427E-B800-CC214A466F0C}.Ad-Hoc|x86.ActiveCfg = Release|Any CPU
		{4AA64FF7-B8F1-427E-B800-CC214A466F0C}.Ad-Hoc|x86.Build.0 = Release|Any CPU
		{4AA64FF7-B8F1-427E-B800-CC214A466F0C}.Ad-Hoc|x86.Deploy.0 = Release|Any CPU
		{4AA64FF7-B8F1-427E-B800-CC214A466F0C}.AppStore|Any CPU.ActiveCfg = Release|Any CPU
		{4AA64FF7-B8F1-427E-B800-CC214A466F0C}.AppStore|Any CPU.Build.0 = Release|Any CPU
		{4AA64FF7-B8F1-427E-B800-CC214A466F0C}.AppStore|Any CPU.Deploy.0 = Release|Any CPU
		{4AA64FF7-B8F1-427E-B800-CC214A466F0C}.AppStore|ARM.ActiveCfg = Release|Any CPU
		{4AA64FF7-B8F1-427E-B800-CC214A466F0C}.AppStore|ARM.Build.0 = Release|Any CPU
		{4AA64FF7-B8F1-427E-B800-CC214A466F0C}.AppStore|ARM.Deploy.0 = Release|Any CPU
		{4AA64FF7-B8F1-427E-B800-CC214A466F0C}.AppStore|iPhone.ActiveCfg = Release|Any CPU
		{4AA64FF7-B8F1-427E-B800-CC214A466F0C}.AppStore|iPhone.Build.0 = Release|Any CPU
		{4AA64FF7-B8F1-427E-B800-CC214A466F0C}.AppStore|iPhone.Deploy.0 = Release|Any CPU
		{4AA64FF7-B8F1-427E-B800-CC214A466F0C}.AppStore|iPhoneSimulator.ActiveCfg = Release|Any CPU
		{4AA64FF7-B8F1-427E-B800-CC214A466F0C}.AppStore|iPhoneSimulator.Build.0 = Release|Any CPU
		{4AA64FF7-B8F1-427E-B800-CC214A466F0C}.AppStore|iPhoneSimulator.Deploy.0 = Release|Any CPU
		{4AA64FF7-B8F1-427E-B800-CC214A466F0C}.AppStore|x64.ActiveCfg = Release|Any CPU
		{4AA64FF7-B8F1-427E-B800-CC214A466F0C}.AppStore|x64.Build.0 = Release|Any CPU
		{4AA64FF7-B8F1-427E-B800-CC214A466F0C}.AppStore|x64.Deploy.0 = Release|Any CPU
		{4AA64FF7-B8F1-427E-B800-CC214A466F0C}.AppStore|x86.ActiveCfg = Release|Any CPU
		{4AA64FF7-B8F1-427E-B800-CC214A466F0C}.AppStore|x86.Build.0 = Release|Any CPU
		{4AA64FF7-B8F1-427E-B800-CC214A466F0C}.AppStore|x86.Deploy.0 = Release|Any CPU
		{4AA64FF7-B8F1-427E-B800-CC214A466F0C}.Debug|Any CPU.ActiveCfg = Debug|Any CPU
		{4AA64FF7-B8F1-427E-B800-CC214A466F0C}.Debug|Any CPU.Build.0 = Debug|Any CPU
		{4AA64FF7-B8F1-427E-B800-CC214A466F0C}.Debug|Any CPU.Deploy.0 = Debug|Any CPU
		{4AA64FF7-B8F1-427E-B800-CC214A466F0C}.Debug|ARM.ActiveCfg = Debug|Any CPU
		{4AA64FF7-B8F1-427E-B800-CC214A466F0C}.Debug|ARM.Build.0 = Debug|Any CPU
		{4AA64FF7-B8F1-427E-B800-CC214A466F0C}.Debug|ARM.Deploy.0 = Debug|Any CPU
		{4AA64FF7-B8F1-427E-B800-CC214A466F0C}.Debug|iPhone.ActiveCfg = Debug|Any CPU
		{4AA64FF7-B8F1-427E-B800-CC214A466F0C}.Debug|iPhone.Build.0 = Debug|Any CPU
		{4AA64FF7-B8F1-427E-B800-CC214A466F0C}.Debug|iPhone.Deploy.0 = Debug|Any CPU
		{4AA64FF7-B8F1-427E-B800-CC214A466F0C}.Debug|iPhoneSimulator.ActiveCfg = Debug|Any CPU
		{4AA64FF7-B8F1-427E-B800-CC214A466F0C}.Debug|iPhoneSimulator.Build.0 = Debug|Any CPU
		{4AA64FF7-B8F1-427E-B800-CC214A466F0C}.Debug|iPhoneSimulator.Deploy.0 = Debug|Any CPU
		{4AA64FF7-B8F1-427E-B800-CC214A466F0C}.Debug|x64.ActiveCfg = Debug|Any CPU
		{4AA64FF7-B8F1-427E-B800-CC214A466F0C}.Debug|x64.Build.0 = Debug|Any CPU
		{4AA64FF7-B8F1-427E-B800-CC214A466F0C}.Debug|x64.Deploy.0 = Debug|Any CPU
		{4AA64FF7-B8F1-427E-B800-CC214A466F0C}.Debug|x86.ActiveCfg = Debug|Any CPU
		{4AA64FF7-B8F1-427E-B800-CC214A466F0C}.Debug|x86.Build.0 = Debug|Any CPU
		{4AA64FF7-B8F1-427E-B800-CC214A466F0C}.Debug|x86.Deploy.0 = Debug|Any CPU
		{4AA64FF7-B8F1-427E-B800-CC214A466F0C}.Release|Any CPU.ActiveCfg = Release|Any CPU
		{4AA64FF7-B8F1-427E-B800-CC214A466F0C}.Release|Any CPU.Build.0 = Release|Any CPU
		{4AA64FF7-B8F1-427E-B800-CC214A466F0C}.Release|Any CPU.Deploy.0 = Release|Any CPU
		{4AA64FF7-B8F1-427E-B800-CC214A466F0C}.Release|ARM.ActiveCfg = Release|Any CPU
		{4AA64FF7-B8F1-427E-B800-CC214A466F0C}.Release|ARM.Build.0 = Release|Any CPU
		{4AA64FF7-B8F1-427E-B800-CC214A466F0C}.Release|ARM.Deploy.0 = Release|Any CPU
		{4AA64FF7-B8F1-427E-B800-CC214A466F0C}.Release|iPhone.ActiveCfg = Release|Any CPU
		{4AA64FF7-B8F1-427E-B800-CC214A466F0C}.Release|iPhone.Build.0 = Release|Any CPU
		{4AA64FF7-B8F1-427E-B800-CC214A466F0C}.Release|iPhone.Deploy.0 = Release|Any CPU
		{4AA64FF7-B8F1-427E-B800-CC214A466F0C}.Release|iPhoneSimulator.ActiveCfg = Release|Any CPU
		{4AA64FF7-B8F1-427E-B800-CC214A466F0C}.Release|iPhoneSimulator.Build.0 = Release|Any CPU
		{4AA64FF7-B8F1-427E-B800-CC214A466F0C}.Release|iPhoneSimulator.Deploy.0 = Release|Any CPU
		{4AA64FF7-B8F1-427E-B800-CC214A466F0C}.Release|x64.ActiveCfg = Release|Any CPU
		{4AA64FF7-B8F1-427E-B800-CC214A466F0C}.Release|x64.Build.0 = Release|Any CPU
		{4AA64FF7-B8F1-427E-B800-CC214A466F0C}.Release|x64.Deploy.0 = Release|Any CPU
		{4AA64FF7-B8F1-427E-B800-CC214A466F0C}.Release|x86.ActiveCfg = Release|Any CPU
		{4AA64FF7-B8F1-427E-B800-CC214A466F0C}.Release|x86.Build.0 = Release|Any CPU
		{4AA64FF7-B8F1-427E-B800-CC214A466F0C}.Release|x86.Deploy.0 = Release|Any CPU
		{91207A41-0E01-428A-9AA9-09045CEFCE5B}.Ad-Hoc|Any CPU.ActiveCfg = Release|Any CPU
		{91207A41-0E01-428A-9AA9-09045CEFCE5B}.Ad-Hoc|Any CPU.Build.0 = Release|Any CPU
		{91207A41-0E01-428A-9AA9-09045CEFCE5B}.Ad-Hoc|ARM.ActiveCfg = Release|Any CPU
		{91207A41-0E01-428A-9AA9-09045CEFCE5B}.Ad-Hoc|ARM.Build.0 = Release|Any CPU
		{91207A41-0E01-428A-9AA9-09045CEFCE5B}.Ad-Hoc|iPhone.ActiveCfg = Release|Any CPU
		{91207A41-0E01-428A-9AA9-09045CEFCE5B}.Ad-Hoc|iPhone.Build.0 = Release|Any CPU
		{91207A41-0E01-428A-9AA9-09045CEFCE5B}.Ad-Hoc|iPhoneSimulator.ActiveCfg = Release|Any CPU
		{91207A41-0E01-428A-9AA9-09045CEFCE5B}.Ad-Hoc|iPhoneSimulator.Build.0 = Release|Any CPU
		{91207A41-0E01-428A-9AA9-09045CEFCE5B}.Ad-Hoc|x64.ActiveCfg = Release|Any CPU
		{91207A41-0E01-428A-9AA9-09045CEFCE5B}.Ad-Hoc|x64.Build.0 = Release|Any CPU
		{91207A41-0E01-428A-9AA9-09045CEFCE5B}.Ad-Hoc|x86.ActiveCfg = Release|Any CPU
		{91207A41-0E01-428A-9AA9-09045CEFCE5B}.Ad-Hoc|x86.Build.0 = Release|Any CPU
		{91207A41-0E01-428A-9AA9-09045CEFCE5B}.AppStore|Any CPU.ActiveCfg = Release|Any CPU
		{91207A41-0E01-428A-9AA9-09045CEFCE5B}.AppStore|Any CPU.Build.0 = Release|Any CPU
		{91207A41-0E01-428A-9AA9-09045CEFCE5B}.AppStore|ARM.ActiveCfg = Release|Any CPU
		{91207A41-0E01-428A-9AA9-09045CEFCE5B}.AppStore|ARM.Build.0 = Release|Any CPU
		{91207A41-0E01-428A-9AA9-09045CEFCE5B}.AppStore|iPhone.ActiveCfg = Release|Any CPU
		{91207A41-0E01-428A-9AA9-09045CEFCE5B}.AppStore|iPhone.Build.0 = Release|Any CPU
		{91207A41-0E01-428A-9AA9-09045CEFCE5B}.AppStore|iPhoneSimulator.ActiveCfg = Release|Any CPU
		{91207A41-0E01-428A-9AA9-09045CEFCE5B}.AppStore|iPhoneSimulator.Build.0 = Release|Any CPU
		{91207A41-0E01-428A-9AA9-09045CEFCE5B}.AppStore|x64.ActiveCfg = Release|Any CPU
		{91207A41-0E01-428A-9AA9-09045CEFCE5B}.AppStore|x64.Build.0 = Release|Any CPU
		{91207A41-0E01-428A-9AA9-09045CEFCE5B}.AppStore|x86.ActiveCfg = Release|Any CPU
		{91207A41-0E01-428A-9AA9-09045CEFCE5B}.AppStore|x86.Build.0 = Release|Any CPU
		{91207A41-0E01-428A-9AA9-09045CEFCE5B}.Debug|Any CPU.ActiveCfg = Debug|Any CPU
		{91207A41-0E01-428A-9AA9-09045CEFCE5B}.Debug|Any CPU.Build.0 = Debug|Any CPU
		{91207A41-0E01-428A-9AA9-09045CEFCE5B}.Debug|ARM.ActiveCfg = Debug|Any CPU
		{91207A41-0E01-428A-9AA9-09045CEFCE5B}.Debug|ARM.Build.0 = Debug|Any CPU
		{91207A41-0E01-428A-9AA9-09045CEFCE5B}.Debug|iPhone.ActiveCfg = Debug|Any CPU
		{91207A41-0E01-428A-9AA9-09045CEFCE5B}.Debug|iPhone.Build.0 = Debug|Any CPU
		{91207A41-0E01-428A-9AA9-09045CEFCE5B}.Debug|iPhoneSimulator.ActiveCfg = Debug|Any CPU
		{91207A41-0E01-428A-9AA9-09045CEFCE5B}.Debug|iPhoneSimulator.Build.0 = Debug|Any CPU
		{91207A41-0E01-428A-9AA9-09045CEFCE5B}.Debug|x64.ActiveCfg = Debug|Any CPU
		{91207A41-0E01-428A-9AA9-09045CEFCE5B}.Debug|x64.Build.0 = Debug|Any CPU
		{91207A41-0E01-428A-9AA9-09045CEFCE5B}.Debug|x86.ActiveCfg = Debug|Any CPU
		{91207A41-0E01-428A-9AA9-09045CEFCE5B}.Debug|x86.Build.0 = Debug|Any CPU
		{91207A41-0E01-428A-9AA9-09045CEFCE5B}.Release|Any CPU.ActiveCfg = Release|Any CPU
		{91207A41-0E01-428A-9AA9-09045CEFCE5B}.Release|Any CPU.Build.0 = Release|Any CPU
		{91207A41-0E01-428A-9AA9-09045CEFCE5B}.Release|ARM.ActiveCfg = Release|Any CPU
		{91207A41-0E01-428A-9AA9-09045CEFCE5B}.Release|ARM.Build.0 = Release|Any CPU
		{91207A41-0E01-428A-9AA9-09045CEFCE5B}.Release|iPhone.ActiveCfg = Release|Any CPU
		{91207A41-0E01-428A-9AA9-09045CEFCE5B}.Release|iPhone.Build.0 = Release|Any CPU
		{91207A41-0E01-428A-9AA9-09045CEFCE5B}.Release|iPhoneSimulator.ActiveCfg = Release|Any CPU
		{91207A41-0E01-428A-9AA9-09045CEFCE5B}.Release|iPhoneSimulator.Build.0 = Release|Any CPU
		{91207A41-0E01-428A-9AA9-09045CEFCE5B}.Release|x64.ActiveCfg = Release|Any CPU
		{91207A41-0E01-428A-9AA9-09045CEFCE5B}.Release|x64.Build.0 = Release|Any CPU
		{91207A41-0E01-428A-9AA9-09045CEFCE5B}.Release|x86.ActiveCfg = Release|Any CPU
		{91207A41-0E01-428A-9AA9-09045CEFCE5B}.Release|x86.Build.0 = Release|Any CPU
		{BCD33783-812A-4A03-A47D-9D9FC8C7AEF7}.Ad-Hoc|Any CPU.ActiveCfg = Release|x86
		{BCD33783-812A-4A03-A47D-9D9FC8C7AEF7}.Ad-Hoc|Any CPU.Build.0 = Release|x86
		{BCD33783-812A-4A03-A47D-9D9FC8C7AEF7}.Ad-Hoc|Any CPU.Deploy.0 = Release|x86
		{BCD33783-812A-4A03-A47D-9D9FC8C7AEF7}.Ad-Hoc|ARM.ActiveCfg = Release|ARM
		{BCD33783-812A-4A03-A47D-9D9FC8C7AEF7}.Ad-Hoc|ARM.Build.0 = Release|ARM
		{BCD33783-812A-4A03-A47D-9D9FC8C7AEF7}.Ad-Hoc|ARM.Deploy.0 = Release|ARM
		{BCD33783-812A-4A03-A47D-9D9FC8C7AEF7}.Ad-Hoc|iPhone.ActiveCfg = Release|x86
		{BCD33783-812A-4A03-A47D-9D9FC8C7AEF7}.Ad-Hoc|iPhone.Build.0 = Release|x86
		{BCD33783-812A-4A03-A47D-9D9FC8C7AEF7}.Ad-Hoc|iPhone.Deploy.0 = Release|x86
		{BCD33783-812A-4A03-A47D-9D9FC8C7AEF7}.Ad-Hoc|iPhoneSimulator.ActiveCfg = Release|x86
		{BCD33783-812A-4A03-A47D-9D9FC8C7AEF7}.Ad-Hoc|iPhoneSimulator.Build.0 = Release|x86
		{BCD33783-812A-4A03-A47D-9D9FC8C7AEF7}.Ad-Hoc|iPhoneSimulator.Deploy.0 = Release|x86
		{BCD33783-812A-4A03-A47D-9D9FC8C7AEF7}.Ad-Hoc|x64.ActiveCfg = Release|x64
		{BCD33783-812A-4A03-A47D-9D9FC8C7AEF7}.Ad-Hoc|x64.Build.0 = Release|x64
		{BCD33783-812A-4A03-A47D-9D9FC8C7AEF7}.Ad-Hoc|x64.Deploy.0 = Release|x64
		{BCD33783-812A-4A03-A47D-9D9FC8C7AEF7}.Ad-Hoc|x86.ActiveCfg = Release|x86
		{BCD33783-812A-4A03-A47D-9D9FC8C7AEF7}.Ad-Hoc|x86.Build.0 = Release|x86
		{BCD33783-812A-4A03-A47D-9D9FC8C7AEF7}.Ad-Hoc|x86.Deploy.0 = Release|x86
		{BCD33783-812A-4A03-A47D-9D9FC8C7AEF7}.AppStore|Any CPU.ActiveCfg = Release|x86
		{BCD33783-812A-4A03-A47D-9D9FC8C7AEF7}.AppStore|Any CPU.Build.0 = Release|x86
		{BCD33783-812A-4A03-A47D-9D9FC8C7AEF7}.AppStore|Any CPU.Deploy.0 = Release|x86
		{BCD33783-812A-4A03-A47D-9D9FC8C7AEF7}.AppStore|ARM.ActiveCfg = Release|ARM
		{BCD33783-812A-4A03-A47D-9D9FC8C7AEF7}.AppStore|ARM.Build.0 = Release|ARM
		{BCD33783-812A-4A03-A47D-9D9FC8C7AEF7}.AppStore|ARM.Deploy.0 = Release|ARM
		{BCD33783-812A-4A03-A47D-9D9FC8C7AEF7}.AppStore|iPhone.ActiveCfg = Release|x86
		{BCD33783-812A-4A03-A47D-9D9FC8C7AEF7}.AppStore|iPhone.Build.0 = Release|x86
		{BCD33783-812A-4A03-A47D-9D9FC8C7AEF7}.AppStore|iPhone.Deploy.0 = Release|x86
		{BCD33783-812A-4A03-A47D-9D9FC8C7AEF7}.AppStore|iPhoneSimulator.ActiveCfg = Release|x86
		{BCD33783-812A-4A03-A47D-9D9FC8C7AEF7}.AppStore|iPhoneSimulator.Build.0 = Release|x86
		{BCD33783-812A-4A03-A47D-9D9FC8C7AEF7}.AppStore|iPhoneSimulator.Deploy.0 = Release|x86
		{BCD33783-812A-4A03-A47D-9D9FC8C7AEF7}.AppStore|x64.ActiveCfg = Release|x64
		{BCD33783-812A-4A03-A47D-9D9FC8C7AEF7}.AppStore|x64.Build.0 = Release|x64
		{BCD33783-812A-4A03-A47D-9D9FC8C7AEF7}.AppStore|x64.Deploy.0 = Release|x64
		{BCD33783-812A-4A03-A47D-9D9FC8C7AEF7}.AppStore|x86.ActiveCfg = Release|x86
		{BCD33783-812A-4A03-A47D-9D9FC8C7AEF7}.AppStore|x86.Build.0 = Release|x86
		{BCD33783-812A-4A03-A47D-9D9FC8C7AEF7}.AppStore|x86.Deploy.0 = Release|x86
		{BCD33783-812A-4A03-A47D-9D9FC8C7AEF7}.Debug|Any CPU.ActiveCfg = Debug|x86
		{BCD33783-812A-4A03-A47D-9D9FC8C7AEF7}.Debug|Any CPU.Build.0 = Debug|x86
		{BCD33783-812A-4A03-A47D-9D9FC8C7AEF7}.Debug|Any CPU.Deploy.0 = Debug|x86
		{BCD33783-812A-4A03-A47D-9D9FC8C7AEF7}.Debug|ARM.ActiveCfg = Debug|ARM
		{BCD33783-812A-4A03-A47D-9D9FC8C7AEF7}.Debug|ARM.Build.0 = Debug|ARM
		{BCD33783-812A-4A03-A47D-9D9FC8C7AEF7}.Debug|ARM.Deploy.0 = Debug|ARM
		{BCD33783-812A-4A03-A47D-9D9FC8C7AEF7}.Debug|iPhone.ActiveCfg = Debug|x86
		{BCD33783-812A-4A03-A47D-9D9FC8C7AEF7}.Debug|iPhoneSimulator.ActiveCfg = Debug|x86
		{BCD33783-812A-4A03-A47D-9D9FC8C7AEF7}.Debug|x64.ActiveCfg = Debug|x64
		{BCD33783-812A-4A03-A47D-9D9FC8C7AEF7}.Debug|x64.Build.0 = Debug|x64
		{BCD33783-812A-4A03-A47D-9D9FC8C7AEF7}.Debug|x64.Deploy.0 = Debug|x64
		{BCD33783-812A-4A03-A47D-9D9FC8C7AEF7}.Debug|x86.ActiveCfg = Debug|x86
		{BCD33783-812A-4A03-A47D-9D9FC8C7AEF7}.Debug|x86.Build.0 = Debug|x86
		{BCD33783-812A-4A03-A47D-9D9FC8C7AEF7}.Debug|x86.Deploy.0 = Debug|x86
		{BCD33783-812A-4A03-A47D-9D9FC8C7AEF7}.Release|Any CPU.ActiveCfg = Release|x86
		{BCD33783-812A-4A03-A47D-9D9FC8C7AEF7}.Release|ARM.ActiveCfg = Release|ARM
		{BCD33783-812A-4A03-A47D-9D9FC8C7AEF7}.Release|ARM.Build.0 = Release|ARM
		{BCD33783-812A-4A03-A47D-9D9FC8C7AEF7}.Release|ARM.Deploy.0 = Release|ARM
		{BCD33783-812A-4A03-A47D-9D9FC8C7AEF7}.Release|iPhone.ActiveCfg = Release|x86
		{BCD33783-812A-4A03-A47D-9D9FC8C7AEF7}.Release|iPhoneSimulator.ActiveCfg = Release|x86
		{BCD33783-812A-4A03-A47D-9D9FC8C7AEF7}.Release|x64.ActiveCfg = Release|x64
		{BCD33783-812A-4A03-A47D-9D9FC8C7AEF7}.Release|x64.Build.0 = Release|x64
		{BCD33783-812A-4A03-A47D-9D9FC8C7AEF7}.Release|x64.Deploy.0 = Release|x64
		{BCD33783-812A-4A03-A47D-9D9FC8C7AEF7}.Release|x86.ActiveCfg = Release|x86
		{BCD33783-812A-4A03-A47D-9D9FC8C7AEF7}.Release|x86.Build.0 = Release|x86
		{BCD33783-812A-4A03-A47D-9D9FC8C7AEF7}.Release|x86.Deploy.0 = Release|x86
		{010C9017-EAA8-412B-8F7D-953FAF4334D6}.Ad-Hoc|Any CPU.ActiveCfg = Ad-Hoc|iPhone
		{010C9017-EAA8-412B-8F7D-953FAF4334D6}.Ad-Hoc|ARM.ActiveCfg = Ad-Hoc|iPhone
		{010C9017-EAA8-412B-8F7D-953FAF4334D6}.Ad-Hoc|iPhone.ActiveCfg = Ad-Hoc|iPhone
		{010C9017-EAA8-412B-8F7D-953FAF4334D6}.Ad-Hoc|iPhone.Build.0 = Ad-Hoc|iPhone
		{010C9017-EAA8-412B-8F7D-953FAF4334D6}.Ad-Hoc|iPhoneSimulator.ActiveCfg = Ad-Hoc|iPhoneSimulator
		{010C9017-EAA8-412B-8F7D-953FAF4334D6}.Ad-Hoc|iPhoneSimulator.Build.0 = Ad-Hoc|iPhoneSimulator
		{010C9017-EAA8-412B-8F7D-953FAF4334D6}.Ad-Hoc|x64.ActiveCfg = Ad-Hoc|iPhone
		{010C9017-EAA8-412B-8F7D-953FAF4334D6}.Ad-Hoc|x86.ActiveCfg = Ad-Hoc|iPhone
		{010C9017-EAA8-412B-8F7D-953FAF4334D6}.AppStore|Any CPU.ActiveCfg = AppStore|iPhone
		{010C9017-EAA8-412B-8F7D-953FAF4334D6}.AppStore|ARM.ActiveCfg = AppStore|iPhone
		{010C9017-EAA8-412B-8F7D-953FAF4334D6}.AppStore|iPhone.ActiveCfg = AppStore|iPhone
		{010C9017-EAA8-412B-8F7D-953FAF4334D6}.AppStore|iPhone.Build.0 = AppStore|iPhone
		{010C9017-EAA8-412B-8F7D-953FAF4334D6}.AppStore|iPhoneSimulator.ActiveCfg = AppStore|iPhoneSimulator
		{010C9017-EAA8-412B-8F7D-953FAF4334D6}.AppStore|iPhoneSimulator.Build.0 = AppStore|iPhoneSimulator
		{010C9017-EAA8-412B-8F7D-953FAF4334D6}.AppStore|x64.ActiveCfg = AppStore|iPhone
		{010C9017-EAA8-412B-8F7D-953FAF4334D6}.AppStore|x86.ActiveCfg = AppStore|iPhone
		{010C9017-EAA8-412B-8F7D-953FAF4334D6}.Debug|Any CPU.ActiveCfg = Debug|iPhone
		{010C9017-EAA8-412B-8F7D-953FAF4334D6}.Debug|ARM.ActiveCfg = Debug|iPhone
		{010C9017-EAA8-412B-8F7D-953FAF4334D6}.Debug|iPhone.ActiveCfg = Debug|iPhone
		{010C9017-EAA8-412B-8F7D-953FAF4334D6}.Debug|iPhone.Build.0 = Debug|iPhone
		{010C9017-EAA8-412B-8F7D-953FAF4334D6}.Debug|iPhoneSimulator.ActiveCfg = Debug|iPhoneSimulator
		{010C9017-EAA8-412B-8F7D-953FAF4334D6}.Debug|iPhoneSimulator.Build.0 = Debug|iPhoneSimulator
		{010C9017-EAA8-412B-8F7D-953FAF4334D6}.Debug|x64.ActiveCfg = Debug|iPhone
		{010C9017-EAA8-412B-8F7D-953FAF4334D6}.Debug|x86.ActiveCfg = Debug|iPhone
		{010C9017-EAA8-412B-8F7D-953FAF4334D6}.Release|Any CPU.ActiveCfg = Release|iPhone
		{010C9017-EAA8-412B-8F7D-953FAF4334D6}.Release|ARM.ActiveCfg = Release|iPhone
		{010C9017-EAA8-412B-8F7D-953FAF4334D6}.Release|iPhone.ActiveCfg = Release|iPhone
		{010C9017-EAA8-412B-8F7D-953FAF4334D6}.Release|iPhone.Build.0 = Release|iPhone
		{010C9017-EAA8-412B-8F7D-953FAF4334D6}.Release|iPhoneSimulator.ActiveCfg = Release|iPhoneSimulator
		{010C9017-EAA8-412B-8F7D-953FAF4334D6}.Release|iPhoneSimulator.Build.0 = Release|iPhoneSimulator
		{010C9017-EAA8-412B-8F7D-953FAF4334D6}.Release|x64.ActiveCfg = Release|iPhone
		{010C9017-EAA8-412B-8F7D-953FAF4334D6}.Release|x86.ActiveCfg = Release|iPhone
	EndGlobalSection
	GlobalSection(SolutionProperties) = preSolution
		HideSolutionNode = FALSE
	EndGlobalSection
EndGlobal
